
Microsoft Visual Studio Solution File, Format Version 12.00
# Visual Studio Version 17
VisualStudioVersion = 17.11.35222.181
MinimumVisualStudioVersion = 10.0.40219.1
Project("{8BC9CEB8-8B4A-11D0-8D11-00A0C91BC942}") = "report3-3-2", "report3-3-2\report3-3-2.vcxproj", "{999F239E-9BC1-4E5D-B3ED-08068815458C}"
EndProject
Global
	GlobalSection(SolutionConfigurationPlatforms) = preSolution
		Debug|x64 = Debug|x64
		Debug|x86 = Debug|x86
		Release|x64 = Release|x64
		Release|x86 = Release|x86
	EndGlobalSection
	GlobalSection(ProjectConfigurationPlatforms) = postSolution
		{999F239E-9BC1-4E5D-B3ED-08068815458C}.Debug|x64.ActiveCfg = Debug|x64
		{999F239E-9BC1-4E5D-B3ED-08068815458C}.Debug|x64.Build.0 = Debug|x64
		{999F239E-9BC1-4E5D-B3ED-08068815458C}.Debug|x86.ActiveCfg = Debug|Win32
		{999F239E-9BC1-4E5D-B3ED-08068815458C}.Debug|x86.Build.0 = Debug|Win32
		{999F239E-9BC1-4E5D-B3ED-08068815458C}.Release|x64.ActiveCfg = Release|x64
		{999F239E-9BC1-4E5D-B3ED-08068815458C}.Release|x64.Build.0 = Release|x64
		{999F239E-9BC1-4E5D-B3ED-08068815458C}.Release|x86.ActiveCfg = Release|Win32
		{999F239E-9BC1-4E5D-B3ED-08068815458C}.Release|x86.Build.0 = Release|Win32
	EndGlobalSection
	GlobalSection(SolutionProperties) = preSolution
		HideSolutionNode = FALSE
	EndGlobalSection
	GlobalSection(ExtensibilityGlobals) = postSolution
		SolutionGuid = {D92AF305-9CAD-437D-BA4C-077C67670E69}
	EndGlobalSection
EndGlobal
